
Microsoft Visual Studio Solution File, Format Version 12.00
# Visual Studio Version 17
VisualStudioVersion = 17.10.35027.167
MinimumVisualStudioVersion = 10.0.40219.1
Project("{FAE04EC0-301F-11D3-BF4B-00C04F79EFBC}") = "BestShopIT", "BestShopIT.csproj", "{BDAEABD7-86E7-46F4-B2A1-BF9D3CCBB6E3}"
EndProject
Global
	GlobalSection(SolutionConfigurationPlatforms) = preSolution
		Debug|Any CPU = Debug|Any CPU
		Release|Any CPU = Release|Any CPU
	EndGlobalSection
	GlobalSection(ProjectConfigurationPlatforms) = postSolution
		{BDAEABD7-86E7-46F4-B2A1-BF9D3CCBB6E3}.Debug|Any CPU.ActiveCfg = Debug|Any CPU
		{BDAEABD7-86E7-46F4-B2A1-BF9D3CCBB6E3}.Debug|Any CPU.Build.0 = Debug|Any CPU
		{BDAEABD7-86E7-46F4-B2A1-BF9D3CCBB6E3}.Release|Any CPU.ActiveCfg = Release|Any CPU
		{BDAEABD7-86E7-46F4-B2A1-BF9D3CCBB6E3}.Release|Any CPU.Build.0 = Release|Any CPU
	EndGlobalSection
	GlobalSection(SolutionProperties) = preSolution
		HideSolutionNode = FALSE
	EndGlobalSection
	GlobalSection(ExtensibilityGlobals) = postSolution
		SolutionGuid = {0705D7B9-F71F-42D0-AB1C-72ADDA7C0379}
	EndGlobalSection
EndGlobal
